
Microsoft Visual Studio Solution File, Format Version 12.00
# Visual Studio Version 17
VisualStudioVersion = 17.13.35806.99
MinimumVisualStudioVersion = 10.0.40219.1
Project("{FAE04EC0-301F-11D3-BF4B-00C04F79EFBC}") = "admin-tool", "admin-tool\admin-tool.csproj", "{2898EEA3-0EDB-41C1-A7AC-7564D6F842C1}"
EndProject
Global
	GlobalSection(SolutionConfigurationPlatforms) = preSolution
		Debug|Any CPU = Debug|Any CPU
		Release|Any CPU = Release|Any CPU
	EndGlobalSection
	GlobalSection(ProjectConfigurationPlatforms) = postSolution
		{2898EEA3-0EDB-41C1-A7AC-7564D6F842C1}.Debug|Any CPU.ActiveCfg = Debug|Any CPU
		{2898EEA3-0EDB-41C1-A7AC-7564D6F842C1}.Debug|Any CPU.Build.0 = Debug|Any CPU
		{2898EEA3-0EDB-41C1-A7AC-7564D6F842C1}.Release|Any CPU.ActiveCfg = Release|Any CPU
		{2898EEA3-0EDB-41C1-A7AC-7564D6F842C1}.Release|Any CPU.Build.0 = Release|Any CPU
	EndGlobalSection
	GlobalSection(SolutionProperties) = preSolution
		HideSolutionNode = FALSE
	EndGlobalSection
	GlobalSection(ExtensibilityGlobals) = postSolution
		SolutionGuid = {0C0CAD04-C9BC-4B5B-A485-148250751819}
	EndGlobalSection
EndGlobal
